
Microsoft Visual Studio Solution File, Format Version 12.00
# Visual Studio 14
VisualStudioVersion = 14.0.24720.0
MinimumVisualStudioVersion = 10.0.40219.1
Project("{FAE04EC0-301F-11D3-BF4B-00C04F79EFBC}") = "MoMoker", "MoMoker.csproj", "{02AC08B2-4E9A-4C2D-A6ED-9C07C2FC609A}"
EndProject
Project("{FAE04EC0-301F-11D3-BF4B-00C04F79EFBC}") = "KinectEx", "..\KinectEx\KinectEx.csproj", "{B7429D12-B30B-4ADA-A23C-6376AFB54B80}"
EndProject
Project("{FAE04EC0-301F-11D3-BF4B-00C04F79EFBC}") = "TransparentController", "..\TransparentController\TransparentController.csproj", "{062840A5-C959-4C58-B479-64A46176F03E}"
EndProject
Project("{FAE04EC0-301F-11D3-BF4B-00C04F79EFBC}") = "MouseKeyHook", "..\globalmousekeyhook-vNext\MouseKeyHook\MouseKeyHook.csproj", "{F52AA97E-180A-40ED-8F2B-09080171D6C7}"
EndProject
Project("{FAE04EC0-301F-11D3-BF4B-00C04F79EFBC}") = "WindowMirror", "WindowMirror\WindowMirror.csproj", "{95937663-1D94-41BA-B478-6E9D42B7B95C}"
EndProject
Project("{FAE04EC0-301F-11D3-BF4B-00C04F79EFBC}") = "WindowsInput", "..\WindowsInput\WindowsInput.csproj", "{3549CD6F-80F8-450F-B99E-CF0A736B1F2A}"
EndProject
Project("{FAE04EC0-301F-11D3-BF4B-00C04F79EFBC}") = "WpfBorderWindows", "..\WpfBorderWindows\WpfBorderWindows.csproj", "{4613B83D-787F-4CC6-9382-BEC55BE98169}"
EndProject
Project("{FAE04EC0-301F-11D3-BF4B-00C04F79EFBC}") = "OnScreenKeyboard", "..\OnScreenKeyboard\OnScreenKeyboard.csproj", "{2B741D23-34D0-41CB-9CC9-A903A2FD3736}"
EndProject
Project("{FAE04EC0-301F-11D3-BF4B-00C04F79EFBC}") = "HighSign", "..\HighSign\HighSign\HighSign.csproj", "{62D6B929-E49D-45A5-8A10-6B8DC4BFB0EE}"
EndProject
Project("{FAE04EC0-301F-11D3-BF4B-00C04F79EFBC}") = "HighSign.CorePlugins", "..\HighSign\HighSign.CorePlugins\HighSign.CorePlugins.csproj", "{60070AF1-C987-4C5B-AFD1-B9DFAF47E35C}"
EndProject
Project("{FAE04EC0-301F-11D3-BF4B-00C04F79EFBC}") = "HighSign.Common", "..\HighSign\HighSign.Common\HighSign.Common.csproj", "{038047A4-E3F8-4B49-9762-7F63971B8319}"
EndProject
Project("{FAE04EC0-301F-11D3-BF4B-00C04F79EFBC}") = "ManagedWinapi", "..\HighSign\ManagedWinapi\ManagedWinapi.csproj", "{FBD3EC1E-47E2-4D2D-81C9-D6506125A09A}"
EndProject
Project("{FAE04EC0-301F-11D3-BF4B-00C04F79EFBC}") = "HighSign.PointPatterns", "..\HighSign\HighSign.PointPatterns\HighSign.PointPatterns.csproj", "{69F91BD1-6986-4079-9537-ED1A1D8EBE06}"
EndProject
Global
	GlobalSection(SolutionConfigurationPlatforms) = preSolution
		Debug|Any CPU = Debug|Any CPU
		Debug|ARM = Debug|ARM
		Debug|Mixed Platforms = Debug|Mixed Platforms
		Debug|x64 = Debug|x64
		Debug|x86 = Debug|x86
		Release|Any CPU = Release|Any CPU
		Release|ARM = Release|ARM
		Release|Mixed Platforms = Release|Mixed Platforms
		Release|x64 = Release|x64
		Release|x86 = Release|x86
	EndGlobalSection
	GlobalSection(ProjectConfigurationPlatforms) = postSolution
		{02AC08B2-4E9A-4C2D-A6ED-9C07C2FC609A}.Debug|Any CPU.ActiveCfg = Debug|Any CPU
		{02AC08B2-4E9A-4C2D-A6ED-9C07C2FC609A}.Debug|Any CPU.Build.0 = Debug|Any CPU
		{02AC08B2-4E9A-4C2D-A6ED-9C07C2FC609A}.Debug|ARM.ActiveCfg = Debug|Any CPU
		{02AC08B2-4E9A-4C2D-A6ED-9C07C2FC609A}.Debug|ARM.Build.0 = Debug|Any CPU
		{02AC08B2-4E9A-4C2D-A6ED-9C07C2FC609A}.Debug|Mixed Platforms.ActiveCfg = Debug|Any CPU
		{02AC08B2-4E9A-4C2D-A6ED-9C07C2FC609A}.Debug|Mixed Platforms.Build.0 = Debug|Any CPU
		{02AC08B2-4E9A-4C2D-A6ED-9C07C2FC609A}.Debug|x64.ActiveCfg = Debug|Any CPU
		{02AC08B2-4E9A-4C2D-A6ED-9C07C2FC609A}.Debug|x64.Build.0 = Debug|Any CPU
		{02AC08B2-4E9A-4C2D-A6ED-9C07C2FC609A}.Debug|x86.ActiveCfg = Debug|Any CPU
		{02AC08B2-4E9A-4C2D-A6ED-9C07C2FC609A}.Debug|x86.Build.0 = Debug|Any CPU
		{02AC08B2-4E9A-4C2D-A6ED-9C07C2FC609A}.Release|Any CPU.ActiveCfg = Release|Any CPU
		{02AC08B2-4E9A-4C2D-A6ED-9C07C2FC609A}.Release|Any CPU.Build.0 = Release|Any CPU
		{02AC08B2-4E9A-4C2D-A6ED-9C07C2FC609A}.Release|ARM.ActiveCfg = Release|Any CPU
		{02AC08B2-4E9A-4C2D-A6ED-9C07C2FC609A}.Release|ARM.Build.0 = Release|Any CPU
		{02AC08B2-4E9A-4C2D-A6ED-9C07C2FC609A}.Release|Mixed Platforms.ActiveCfg = Release|Any CPU
		{02AC08B2-4E9A-4C2D-A6ED-9C07C2FC609A}.Release|Mixed Platforms.Build.0 = Release|Any CPU
		{02AC08B2-4E9A-4C2D-A6ED-9C07C2FC609A}.Release|x64.ActiveCfg = Release|Any CPU
		{02AC08B2-4E9A-4C2D-A6ED-9C07C2FC609A}.Release|x64.Build.0 = Release|Any CPU
		{02AC08B2-4E9A-4C2D-A6ED-9C07C2FC609A}.Release|x86.ActiveCfg = Release|Any CPU
		{02AC08B2-4E9A-4C2D-A6ED-9C07C2FC609A}.Release|x86.Build.0 = Release|Any CPU
		{B7429D12-B30B-4ADA-A23C-6376AFB54B80}.Debug|Any CPU.ActiveCfg = Debug|Any CPU
		{B7429D12-B30B-4ADA-A23C-6376AFB54B80}.Debug|Any CPU.Build.0 = Debug|Any CPU
		{B7429D12-B30B-4ADA-A23C-6376AFB54B80}.Debug|ARM.ActiveCfg = Debug|Any CPU
		{B7429D12-B30B-4ADA-A23C-6376AFB54B80}.Debug|ARM.Build.0 = Debug|Any CPU
		{B7429D12-B30B-4ADA-A23C-6376AFB54B80}.Debug|Mixed Platforms.ActiveCfg = Debug|Any CPU
		{B7429D12-B30B-4ADA-A23C-6376AFB54B80}.Debug|Mixed Platforms.Build.0 = Debug|Any CPU
		{B7429D12-B30B-4ADA-A23C-6376AFB54B80}.Debug|x64.ActiveCfg = Debug|x64
		{B7429D12-B30B-4ADA-A23C-6376AFB54B80}.Debug|x64.Build.0 = Debug|x64
		{B7429D12-B30B-4ADA-A23C-6376AFB54B80}.Debug|x86.ActiveCfg = Debug|Any CPU
		{B7429D12-B30B-4ADA-A23C-6376AFB54B80}.Debug|x86.Build.0 = Debug|Any CPU
		{B7429D12-B30B-4ADA-A23C-6376AFB54B80}.Release|Any CPU.ActiveCfg = Release|Any CPU
		{B7429D12-B30B-4ADA-A23C-6376AFB54B80}.Release|Any CPU.Build.0 = Release|Any CPU
		{B7429D12-B30B-4ADA-A23C-6376AFB54B80}.Release|ARM.ActiveCfg = Release|Any CPU
		{B7429D12-B30B-4ADA-A23C-6376AFB54B80}.Release|ARM.Build.0 = Release|Any CPU
		{B7429D12-B30B-4ADA-A23C-6376AFB54B80}.Release|Mixed Platforms.ActiveCfg = Release|Any CPU
		{B7429D12-B30B-4ADA-A23C-6376AFB54B80}.Release|Mixed Platforms.Build.0 = Release|Any CPU
		{B7429D12-B30B-4ADA-A23C-6376AFB54B80}.Release|x64.ActiveCfg = Release|x64
		{B7429D12-B30B-4ADA-A23C-6376AFB54B80}.Release|x64.Build.0 = Release|x64
		{B7429D12-B30B-4ADA-A23C-6376AFB54B80}.Release|x86.ActiveCfg = Release|Any CPU
		{B7429D12-B30B-4ADA-A23C-6376AFB54B80}.Release|x86.Build.0 = Release|Any CPU
		{062840A5-C959-4C58-B479-64A46176F03E}.Debug|Any CPU.ActiveCfg = Debug|Any CPU
		{062840A5-C959-4C58-B479-64A46176F03E}.Debug|Any CPU.Build.0 = Debug|Any CPU
		{062840A5-C959-4C58-B479-64A46176F03E}.Debug|ARM.ActiveCfg = Debug|Any CPU
		{062840A5-C959-4C58-B479-64A46176F03E}.Debug|ARM.Build.0 = Debug|Any CPU
		{062840A5-C959-4C58-B479-64A46176F03E}.Debug|Mixed Platforms.ActiveCfg = Debug|Any CPU
		{062840A5-C959-4C58-B479-64A46176F03E}.Debug|Mixed Platforms.Build.0 = Debug|Any CPU
		{062840A5-C959-4C58-B479-64A46176F03E}.Debug|x64.ActiveCfg = Debug|Any CPU
		{062840A5-C959-4C58-B479-64A46176F03E}.Debug|x64.Build.0 = Debug|Any CPU
		{062840A5-C959-4C58-B479-64A46176F03E}.Debug|x86.ActiveCfg = Debug|Any CPU
		{062840A5-C959-4C58-B479-64A46176F03E}.Debug|x86.Build.0 = Debug|Any CPU
		{062840A5-C959-4C58-B479-64A46176F03E}.Release|Any CPU.ActiveCfg = Release|Any CPU
		{062840A5-C959-4C58-B479-64A46176F03E}.Release|Any CPU.Build.0 = Release|Any CPU
		{062840A5-C959-4C58-B479-64A46176F03E}.Release|ARM.ActiveCfg = Release|Any CPU
		{062840A5-C959-4C58-B479-64A46176F03E}.Release|ARM.Build.0 = Release|Any CPU
		{062840A5-C959-4C58-B479-64A46176F03E}.Release|Mixed Platforms.ActiveCfg = Release|Any CPU
		{062840A5-C959-4C58-B479-64A46176F03E}.Release|Mixed Platforms.Build.0 = Release|Any CPU
		{062840A5-C959-4C58-B479-64A46176F03E}.Release|x64.ActiveCfg = Release|Any CPU
		{062840A5-C959-4C58-B479-64A46176F03E}.Release|x64.Build.0 = Release|Any CPU
		{062840A5-C959-4C58-B479-64A46176F03E}.Release|x86.ActiveCfg = Release|Any CPU
		{062840A5-C959-4C58-B479-64A46176F03E}.Release|x86.Build.0 = Release|Any CPU
		{F52AA97E-180A-40ED-8F2B-09080171D6C7}.Debug|Any CPU.ActiveCfg = Debug|Any CPU
		{F52AA97E-180A-40ED-8F2B-09080171D6C7}.Debug|Any CPU.Build.0 = Debug|Any CPU
		{F52AA97E-180A-40ED-8F2B-09080171D6C7}.Debug|ARM.ActiveCfg = Debug|Any CPU
		{F52AA97E-180A-40ED-8F2B-09080171D6C7}.Debug|ARM.Build.0 = Debug|Any CPU
		{F52AA97E-180A-40ED-8F2B-09080171D6C7}.Debug|Mixed Platforms.ActiveCfg = Debug|x86
		{F52AA97E-180A-40ED-8F2B-09080171D6C7}.Debug|Mixed Platforms.Build.0 = Debug|x86
		{F52AA97E-180A-40ED-8F2B-09080171D6C7}.Debug|x64.ActiveCfg = Debug|x64
		{F52AA97E-180A-40ED-8F2B-09080171D6C7}.Debug|x64.Build.0 = Debug|x64
		{F52AA97E-180A-40ED-8F2B-09080171D6C7}.Debug|x86.ActiveCfg = Debug|x86
		{F52AA97E-180A-40ED-8F2B-09080171D6C7}.Debug|x86.Build.0 = Debug|x86
		{F52AA97E-180A-40ED-8F2B-09080171D6C7}.Release|Any CPU.ActiveCfg = Release|Any CPU
		{F52AA97E-180A-40ED-8F2B-09080171D6C7}.Release|Any CPU.Build.0 = Release|Any CPU
		{F52AA97E-180A-40ED-8F2B-09080171D6C7}.Release|ARM.ActiveCfg = Release|Any CPU
		{F52AA97E-180A-40ED-8F2B-09080171D6C7}.Release|ARM.Build.0 = Release|Any CPU
		{F52AA97E-180A-40ED-8F2B-09080171D6C7}.Release|Mixed Platforms.ActiveCfg = Release|x86
		{F52AA97E-180A-40ED-8F2B-09080171D6C7}.Release|Mixed Platforms.Build.0 = Release|x86
		{F52AA97E-180A-40ED-8F2B-09080171D6C7}.Release|x64.ActiveCfg = Release|x64
		{F52AA97E-180A-40ED-8F2B-09080171D6C7}.Release|x64.Build.0 = Release|x64
		{F52AA97E-180A-40ED-8F2B-09080171D6C7}.Release|x86.ActiveCfg = Release|x86
		{F52AA97E-180A-40ED-8F2B-09080171D6C7}.Release|x86.Build.0 = Release|x86
		{95937663-1D94-41BA-B478-6E9D42B7B95C}.Debug|Any CPU.ActiveCfg = Debug|Any CPU
		{95937663-1D94-41BA-B478-6E9D42B7B95C}.Debug|Any CPU.Build.0 = Debug|Any CPU
		{95937663-1D94-41BA-B478-6E9D42B7B95C}.Debug|ARM.ActiveCfg = Debug|Any CPU
		{95937663-1D94-41BA-B478-6E9D42B7B95C}.Debug|Mixed Platforms.ActiveCfg = Debug|Any CPU
		{95937663-1D94-41BA-B478-6E9D42B7B95C}.Debug|Mixed Platforms.Build.0 = Debug|Any CPU
		{95937663-1D94-41BA-B478-6E9D42B7B95C}.Debug|x64.ActiveCfg = Debug|Any CPU
		{95937663-1D94-41BA-B478-6E9D42B7B95C}.Debug|x86.ActiveCfg = Debug|Any CPU
		{95937663-1D94-41BA-B478-6E9D42B7B95C}.Release|Any CPU.ActiveCfg = Release|Any CPU
		{95937663-1D94-41BA-B478-6E9D42B7B95C}.Release|Any CPU.Build.0 = Release|Any CPU
		{95937663-1D94-41BA-B478-6E9D42B7B95C}.Release|ARM.ActiveCfg = Release|Any CPU
		{95937663-1D94-41BA-B478-6E9D42B7B95C}.Release|Mixed Platforms.ActiveCfg = Release|Any CPU
		{95937663-1D94-41BA-B478-6E9D42B7B95C}.Release|Mixed Platforms.Build.0 = Release|Any CPU
		{95937663-1D94-41BA-B478-6E9D42B7B95C}.Release|x64.ActiveCfg = Release|Any CPU
		{95937663-1D94-41BA-B478-6E9D42B7B95C}.Release|x86.ActiveCfg = Release|Any CPU
		{3549CD6F-80F8-450F-B99E-CF0A736B1F2A}.Debug|Any CPU.ActiveCfg = Debug|Any CPU
		{3549CD6F-80F8-450F-B99E-CF0A736B1F2A}.Debug|Any CPU.Build.0 = Debug|Any CPU
		{3549CD6F-80F8-450F-B99E-CF0A736B1F2A}.Debug|ARM.ActiveCfg = Debug|Any CPU
		{3549CD6F-80F8-450F-B99E-CF0A736B1F2A}.Debug|Mixed Platforms.ActiveCfg = Debug|Any CPU
		{3549CD6F-80F8-450F-B99E-CF0A736B1F2A}.Debug|Mixed Platforms.Build.0 = Debug|Any CPU
		{3549CD6F-80F8-450F-B99E-CF0A736B1F2A}.Debug|x64.ActiveCfg = Debug|Any CPU
		{3549CD6F-80F8-450F-B99E-CF0A736B1F2A}.Debug|x86.ActiveCfg = Debug|Any CPU
		{3549CD6F-80F8-450F-B99E-CF0A736B1F2A}.Release|Any CPU.ActiveCfg = Release|Any CPU
		{3549CD6F-80F8-450F-B99E-CF0A736B1F2A}.Release|Any CPU.Build.0 = Release|Any CPU
		{3549CD6F-80F8-450F-B99E-CF0A736B1F2A}.Release|ARM.ActiveCfg = Release|Any CPU
		{3549CD6F-80F8-450F-B99E-CF0A736B1F2A}.Release|Mixed Platforms.ActiveCfg = Release|Any CPU
		{3549CD6F-80F8-450F-B99E-CF0A736B1F2A}.Release|Mixed Platforms.Build.0 = Release|Any CPU
		{3549CD6F-80F8-450F-B99E-CF0A736B1F2A}.Release|x64.ActiveCfg = Release|Any CPU
		{3549CD6F-80F8-450F-B99E-CF0A736B1F2A}.Release|x86.ActiveCfg = Release|Any CPU
		{4613B83D-787F-4CC6-9382-BEC55BE98169}.Debug|Any CPU.ActiveCfg = Debug|Any CPU
		{4613B83D-787F-4CC6-9382-BEC55BE98169}.Debug|Any CPU.Build.0 = Debug|Any CPU
		{4613B83D-787F-4CC6-9382-BEC55BE98169}.Debug|ARM.ActiveCfg = Debug|Any CPU
		{4613B83D-787F-4CC6-9382-BEC55BE98169}.Debug|ARM.Build.0 = Debug|Any CPU
		{4613B83D-787F-4CC6-9382-BEC55BE98169}.Debug|Mixed Platforms.ActiveCfg = Debug|Any CPU
		{4613B83D-787F-4CC6-9382-BEC55BE98169}.Debug|Mixed Platforms.Build.0 = Debug|Any CPU
		{4613B83D-787F-4CC6-9382-BEC55BE98169}.Debug|x64.ActiveCfg = Debug|Any CPU
		{4613B83D-787F-4CC6-9382-BEC55BE98169}.Debug|x64.Build.0 = Debug|Any CPU
		{4613B83D-787F-4CC6-9382-BEC55BE98169}.Debug|x86.ActiveCfg = Debug|Any CPU
		{4613B83D-787F-4CC6-9382-BEC55BE98169}.Debug|x86.Build.0 = Debug|Any CPU
		{4613B83D-787F-4CC6-9382-BEC55BE98169}.Release|Any CPU.ActiveCfg = Release|Any CPU
		{4613B83D-787F-4CC6-9382-BEC55BE98169}.Release|Any CPU.Build.0 = Release|Any CPU
		{4613B83D-787F-4CC6-9382-BEC55BE98169}.Release|ARM.ActiveCfg = Release|Any CPU
		{4613B83D-787F-4CC6-9382-BEC55BE98169}.Release|ARM.Build.0 = Release|Any CPU
		{4613B83D-787F-4CC6-9382-BEC55BE98169}.Release|Mixed Platforms.ActiveCfg = Release|Any CPU
		{4613B83D-787F-4CC6-9382-BEC55BE98169}.Release|Mixed Platforms.Build.0 = Release|Any CPU
		{4613B83D-787F-4CC6-9382-BEC55BE98169}.Release|x64.ActiveCfg = Release|Any CPU
		{4613B83D-787F-4CC6-9382-BEC55BE98169}.Release|x64.Build.0 = Release|Any CPU
		{4613B83D-787F-4CC6-9382-BEC55BE98169}.Release|x86.ActiveCfg = Release|Any CPU
		{4613B83D-787F-4CC6-9382-BEC55BE98169}.Release|x86.Build.0 = Release|Any CPU
		{2B741D23-34D0-41CB-9CC9-A903A2FD3736}.Debug|Any CPU.ActiveCfg = Debug|Any CPU
		{2B741D23-34D0-41CB-9CC9-A903A2FD3736}.Debug|Any CPU.Build.0 = Debug|Any CPU
		{2B741D23-34D0-41CB-9CC9-A903A2FD3736}.Debug|ARM.ActiveCfg = Debug|Any CPU
		{2B741D23-34D0-41CB-9CC9-A903A2FD3736}.Debug|Mixed Platforms.ActiveCfg = Debug|Any CPU
		{2B741D23-34D0-41CB-9CC9-A903A2FD3736}.Debug|Mixed Platforms.Build.0 = Debug|Any CPU
		{2B741D23-34D0-41CB-9CC9-A903A2FD3736}.Debug|x64.ActiveCfg = Debug|Any CPU
		{2B741D23-34D0-41CB-9CC9-A903A2FD3736}.Debug|x86.ActiveCfg = Debug|Any CPU
		{2B741D23-34D0-41CB-9CC9-A903A2FD3736}.Release|Any CPU.ActiveCfg = Release|Any CPU
		{2B741D23-34D0-41CB-9CC9-A903A2FD3736}.Release|Any CPU.Build.0 = Release|Any CPU
		{2B741D23-34D0-41CB-9CC9-A903A2FD3736}.Release|ARM.ActiveCfg = Release|Any CPU
		{2B741D23-34D0-41CB-9CC9-A903A2FD3736}.Release|Mixed Platforms.ActiveCfg = Release|Any CPU
		{2B741D23-34D0-41CB-9CC9-A903A2FD3736}.Release|Mixed Platforms.Build.0 = Release|Any CPU
		{2B741D23-34D0-41CB-9CC9-A903A2FD3736}.Release|x64.ActiveCfg = Release|Any CPU
		{2B741D23-34D0-41CB-9CC9-A903A2FD3736}.Release|x86.ActiveCfg = Release|Any CPU
		{62D6B929-E49D-45A5-8A10-6B8DC4BFB0EE}.Debug|Any CPU.ActiveCfg = Debug|Any CPU
		{62D6B929-E49D-45A5-8A10-6B8DC4BFB0EE}.Debug|Any CPU.Build.0 = Debug|Any CPU
		{62D6B929-E49D-45A5-8A10-6B8DC4BFB0EE}.Debug|ARM.ActiveCfg = Debug|Any CPU
		{62D6B929-E49D-45A5-8A10-6B8DC4BFB0EE}.Debug|ARM.Build.0 = Debug|Any CPU
		{62D6B929-E49D-45A5-8A10-6B8DC4BFB0EE}.Debug|Mixed Platforms.ActiveCfg = Debug|x86
		{62D6B929-E49D-45A5-8A10-6B8DC4BFB0EE}.Debug|Mixed Platforms.Build.0 = Debug|x86
		{62D6B929-E49D-45A5-8A10-6B8DC4BFB0EE}.Debug|x64.ActiveCfg = Debug|Any CPU
		{62D6B929-E49D-45A5-8A10-6B8DC4BFB0EE}.Debug|x64.Build.0 = Debug|Any CPU
		{62D6B929-E49D-45A5-8A10-6B8DC4BFB0EE}.Debug|x86.ActiveCfg = Debug|x86
		{62D6B929-E49D-45A5-8A10-6B8DC4BFB0EE}.Debug|x86.Build.0 = Debug|x86
		{62D6B929-E49D-45A5-8A10-6B8DC4BFB0EE}.Release|Any CPU.ActiveCfg = Release|Any CPU
		{62D6B929-E49D-45A5-8A10-6B8DC4BFB0EE}.Release|Any CPU.Build.0 = Release|Any CPU
		{62D6B929-E49D-45A5-8A10-6B8DC4BFB0EE}.Release|ARM.ActiveCfg = Release|Any CPU
		{62D6B929-E49D-45A5-8A10-6B8DC4BFB0EE}.Release|ARM.Build.0 = Release|Any CPU
		{62D6B929-E49D-45A5-8A10-6B8DC4BFB0EE}.Release|Mixed Platforms.ActiveCfg = Release|x86
		{62D6B929-E49D-45A5-8A10-6B8DC4BFB0EE}.Release|Mixed Platforms.Build.0 = Release|x86
		{62D6B929-E49D-45A5-8A10-6B8DC4BFB0EE}.Release|x64.ActiveCfg = Release|Any CPU
		{62D6B929-E49D-45A5-8A10-6B8DC4BFB0EE}.Release|x64.Build.0 = Release|Any CPU
		{62D6B929-E49D-45A5-8A10-6B8DC4BFB0EE}.Release|x86.ActiveCfg = Release|x86
		{62D6B929-E49D-45A5-8A10-6B8DC4BFB0EE}.Release|x86.Build.0 = Release|x86
		{60070AF1-C987-4C5B-AFD1-B9DFAF47E35C}.Debug|Any CPU.ActiveCfg = Debug|Any CPU
		{60070AF1-C987-4C5B-AFD1-B9DFAF47E35C}.Debug|Any CPU.Build.0 = Debug|Any CPU
		{60070AF1-C987-4C5B-AFD1-B9DFAF47E35C}.Debug|ARM.ActiveCfg = Debug|Any CPU
		{60070AF1-C987-4C5B-AFD1-B9DFAF47E35C}.Debug|ARM.Build.0 = Debug|Any CPU
		{60070AF1-C987-4C5B-AFD1-B9DFAF47E35C}.Debug|Mixed Platforms.ActiveCfg = Debug|x86
		{60070AF1-C987-4C5B-AFD1-B9DFAF47E35C}.Debug|Mixed Platforms.Build.0 = Debug|x86
		{60070AF1-C987-4C5B-AFD1-B9DFAF47E35C}.Debug|x64.ActiveCfg = Debug|Any CPU
		{60070AF1-C987-4C5B-AFD1-B9DFAF47E35C}.Debug|x64.Build.0 = Debug|Any CPU
		{60070AF1-C987-4C5B-AFD1-B9DFAF47E35C}.Debug|x86.ActiveCfg = Debug|x86
		{60070AF1-C987-4C5B-AFD1-B9DFAF47E35C}.Debug|x86.Build.0 = Debug|x86
		{60070AF1-C987-4C5B-AFD1-B9DFAF47E35C}.Release|Any CPU.ActiveCfg = Release|Any CPU
		{60070AF1-C987-4C5B-AFD1-B9DFAF47E35C}.Release|Any CPU.Build.0 = Release|Any CPU
		{60070AF1-C987-4C5B-AFD1-B9DFAF47E35C}.Release|ARM.ActiveCfg = Release|Any CPU
		{60070AF1-C987-4C5B-AFD1-B9DFAF47E35C}.Release|ARM.Build.0 = Release|Any CPU
		{60070AF1-C987-4C5B-AFD1-B9DFAF47E35C}.Release|Mixed Platforms.ActiveCfg = Release|x86
		{60070AF1-C987-4C5B-AFD1-B9DFAF47E35C}.Release|Mixed Platforms.Build.0 = Release|x86
		{60070AF1-C987-4C5B-AFD1-B9DFAF47E35C}.Release|x64.ActiveCfg = Release|Any CPU
		{60070AF1-C987-4C5B-AFD1-B9DFAF47E35C}.Release|x64.Build.0 = Release|Any CPU
		{60070AF1-C987-4C5B-AFD1-B9DFAF47E35C}.Release|x86.ActiveCfg = Release|x86
		{60070AF1-C987-4C5B-AFD1-B9DFAF47E35C}.Release|x86.Build.0 = Release|x86
		{038047A4-E3F8-4B49-9762-7F63971B8319}.Debug|Any CPU.ActiveCfg = Debug|Any CPU
		{038047A4-E3F8-4B49-9762-7F63971B8319}.Debug|Any CPU.Build.0 = Debug|Any CPU
		{038047A4-E3F8-4B49-9762-7F63971B8319}.Debug|ARM.ActiveCfg = Debug|Any CPU
		{038047A4-E3F8-4B49-9762-7F63971B8319}.Debug|ARM.Build.0 = Debug|Any CPU
		{038047A4-E3F8-4B49-9762-7F63971B8319}.Debug|Mixed Platforms.ActiveCfg = Debug|x86
		{038047A4-E3F8-4B49-9762-7F63971B8319}.Debug|Mixed Platforms.Build.0 = Debug|x86
		{038047A4-E3F8-4B49-9762-7F63971B8319}.Debug|x64.ActiveCfg = Debug|Any CPU
		{038047A4-E3F8-4B49-9762-7F63971B8319}.Debug|x64.Build.0 = Debug|Any CPU
		{038047A4-E3F8-4B49-9762-7F63971B8319}.Debug|x86.ActiveCfg = Debug|x86
		{038047A4-E3F8-4B49-9762-7F63971B8319}.Debug|x86.Build.0 = Debug|x86
		{038047A4-E3F8-4B49-9762-7F63971B8319}.Release|Any CPU.ActiveCfg = Release|Any CPU
		{038047A4-E3F8-4B49-9762-7F63971B8319}.Release|Any CPU.Build.0 = Release|Any CPU
		{038047A4-E3F8-4B49-9762-7F63971B8319}.Release|ARM.ActiveCfg = Release|Any CPU
		{038047A4-E3F8-4B49-9762-7F63971B8319}.Release|ARM.Build.0 = Release|Any CPU
		{038047A4-E3F8-4B49-9762-7F63971B8319}.Release|Mixed Platforms.ActiveCfg = Release|x86
		{038047A4-E3F8-4B49-9762-7F63971B8319}.Release|Mixed Platforms.Build.0 = Release|x86
		{038047A4-E3F8-4B49-9762-7F63971B8319}.Release|x64.ActiveCfg = Release|Any CPU
		{038047A4-E3F8-4B49-9762-7F63971B8319}.Release|x64.Build.0 = Release|Any CPU
		{038047A4-E3F8-4B49-9762-7F63971B8319}.Release|x86.ActiveCfg = Release|x86
		{038047A4-E3F8-4B49-9762-7F63971B8319}.Release|x86.Build.0 = Release|x86
		{FBD3EC1E-47E2-4D2D-81C9-D6506125A09A}.Debug|Any CPU.ActiveCfg = Debug|Any CPU
		{FBD3EC1E-47E2-4D2D-81C9-D6506125A09A}.Debug|Any CPU.Build.0 = Debug|Any CPU
		{FBD3EC1E-47E2-4D2D-81C9-D6506125A09A}.Debug|ARM.ActiveCfg = Debug|Any CPU
		{FBD3EC1E-47E2-4D2D-81C9-D6506125A09A}.Debug|ARM.Build.0 = Debug|Any CPU
		{FBD3EC1E-47E2-4D2D-81C9-D6506125A09A}.Debug|Mixed Platforms.ActiveCfg = Debug|x86
		{FBD3EC1E-47E2-4D2D-81C9-D6506125A09A}.Debug|Mixed Platforms.Build.0 = Debug|x86
		{FBD3EC1E-47E2-4D2D-81C9-D6506125A09A}.Debug|x64.ActiveCfg = Debug|Any CPU
		{FBD3EC1E-47E2-4D2D-81C9-D6506125A09A}.Debug|x64.Build.0 = Debug|Any CPU
		{FBD3EC1E-47E2-4D2D-81C9-D6506125A09A}.Debug|x86.ActiveCfg = Debug|x86
		{FBD3EC1E-47E2-4D2D-81C9-D6506125A09A}.Debug|x86.Build.0 = Debug|x86
		{FBD3EC1E-47E2-4D2D-81C9-D6506125A09A}.Release|Any CPU.ActiveCfg = Release|Any CPU
		{FBD3EC1E-47E2-4D2D-81C9-D6506125A09A}.Release|Any CPU.Build.0 = Release|Any CPU
		{FBD3EC1E-47E2-4D2D-81C9-D6506125A09A}.Release|ARM.ActiveCfg = Release|Any CPU
		{FBD3EC1E-47E2-4D2D-81C9-D6506125A09A}.Release|ARM.Build.0 = Release|Any CPU
		{FBD3EC1E-47E2-4D2D-81C9-D6506125A09A}.Release|Mixed Platforms.ActiveCfg = Release|x86
		{FBD3EC1E-47E2-4D2D-81C9-D6506125A09A}.Release|Mixed Platforms.Build.0 = Release|x86
		{FBD3EC1E-47E2-4D2D-81C9-D6506125A09A}.Release|x64.ActiveCfg = Release|Any CPU
		{FBD3EC1E-47E2-4D2D-81C9-D6506125A09A}.Release|x64.Build.0 = Release|Any CPU
		{FBD3EC1E-47E2-4D2D-81C9-D6506125A09A}.Release|x86.ActiveCfg = Release|x86
		{FBD3EC1E-47E2-4D2D-81C9-D6506125A09A}.Release|x86.Build.0 = Release|x86
		{69F91BD1-6986-4079-9537-ED1A1D8EBE06}.Debug|Any CPU.ActiveCfg = Debug|Any CPU
		{69F91BD1-6986-4079-9537-ED1A1D8EBE06}.Debug|Any CPU.Build.0 = Debug|Any CPU
		{69F91BD1-6986-4079-9537-ED1A1D8EBE06}.Debug|ARM.ActiveCfg = Debug|Any CPU
		{69F91BD1-6986-4079-9537-ED1A1D8EBE06}.Debug|ARM.Build.0 = Debug|Any CPU
		{69F91BD1-6986-4079-9537-ED1A1D8EBE06}.Debug|Mixed Platforms.ActiveCfg = Debug|x86
		{69F91BD1-6986-4079-9537-ED1A1D8EBE06}.Debug|Mixed Platforms.Build.0 = Debug|x86
		{69F91BD1-6986-4079-9537-ED1A1D8EBE06}.Debug|x64.ActiveCfg = Debug|Any CPU
		{69F91BD1-6986-4079-9537-ED1A1D8EBE06}.Debug|x64.Build.0 = Debug|Any CPU
		{69F91BD1-6986-4079-9537-ED1A1D8EBE06}.Debug|x86.ActiveCfg = Debug|x86
		{69F91BD1-6986-4079-9537-ED1A1D8EBE06}.Debug|x86.Build.0 = Debug|x86
		{69F91BD1-6986-4079-9537-ED1A1D8EBE06}.Release|Any CPU.ActiveCfg = Release|Any CPU
		{69F91BD1-6986-4079-9537-ED1A1D8EBE06}.Release|Any CPU.Build.0 = Release|Any CPU
		{69F91BD1-6986-4079-9537-ED1A1D8EBE06}.Release|ARM.ActiveCfg = Release|Any CPU
		{69F91BD1-6986-4079-9537-ED1A1D8EBE06}.Release|ARM.Build.0 = Release|Any CPU
		{69F91BD1-6986-4079-9537-ED1A1D8EBE06}.Release|Mixed Platforms.ActiveCfg = Release|x86
		{69F91BD1-6986-4079-9537-ED1A1D8EBE06}.Release|Mixed Platforms.Build.0 = Release|x86
		{69F91BD1-6986-4079-9537-ED1A1D8EBE06}.Release|x64.ActiveCfg = Release|Any CPU
		{69F91BD1-6986-4079-9537-ED1A1D8EBE06}.Release|x64.Build.0 = Release|Any CPU
		{69F91BD1-6986-4079-9537-ED1A1D8EBE06}.Release|x86.ActiveCfg = Release|x86
		{69F91BD1-6986-4079-9537-ED1A1D8EBE06}.Release|x86.Build.0 = Release|x86
	EndGlobalSection
	GlobalSection(SolutionProperties) = preSolution
		HideSolutionNode = FALSE
	EndGlobalSection
	GlobalSection(SubversionScc) = preSolution
		Svn-Managed = True
		Manager = AnkhSVN - Subversion Support for Visual Studio
	EndGlobalSection
EndGlobal
