
Microsoft Visual Studio Solution File, Format Version 12.00
# Visual Studio 2013
VisualStudioVersion = 12.0.40629.0
MinimumVisualStudioVersion = 10.0.40219.1
Project("{FAE04EC0-301F-11D3-BF4B-00C04F79EFBC}") = "MoMoker", "MoMoker.csproj", "{02AC08B2-4E9A-4C2D-A6ED-9C07C2FC609A}"
EndProject
Project("{FAE04EC0-301F-11D3-BF4B-00C04F79EFBC}") = "KinectEx", "..\KinectEx\KinectEx.csproj", "{B7429D12-B30B-4ADA-A23C-6376AFB54B80}"
EndProject
Project("{FAE04EC0-301F-11D3-BF4B-00C04F79EFBC}") = "TransparentController", "..\TransparentController\TransparentController.csproj", "{062840A5-C959-4C58-B479-64A46176F03E}"
EndProject
Project("{FAE04EC0-301F-11D3-BF4B-00C04F79EFBC}") = "MouseKeyHook", "..\globalmousekeyhook-vNext\MouseKeyHook\MouseKeyHook.csproj", "{F52AA97E-180A-40ED-8F2B-09080171D6C7}"
EndProject
Project("{FAE04EC0-301F-11D3-BF4B-00C04F79EFBC}") = "Server", "..\Server\Server.csproj", "{DC097603-FB3B-4255-9C7F-BEE2959D3A47}"
EndProject
Project("{FAE04EC0-301F-11D3-BF4B-00C04F79EFBC}") = "Client", "Client\Client.csproj", "{F53A617A-EC6B-4BDC-A851-7C2A511EA081}"
EndProject
Project("{FAE04EC0-301F-11D3-BF4B-00C04F79EFBC}") = "WindowMirror", "WindowMirror\WindowMirror.csproj", "{95937663-1D94-41BA-B478-6E9D42B7B95C}"
EndProject
Project("{FAE04EC0-301F-11D3-BF4B-00C04F79EFBC}") = "WindowsInput", "..\WindowsInput\WindowsInput.csproj", "{3549CD6F-80F8-450F-B99E-CF0A736B1F2A}"
EndProject
Global
	GlobalSection(SolutionConfigurationPlatforms) = preSolution
		Debug|Any CPU = Debug|Any CPU
		Debug|ARM = Debug|ARM
		Debug|Mixed Platforms = Debug|Mixed Platforms
		Debug|x64 = Debug|x64
		Debug|x86 = Debug|x86
		Release|Any CPU = Release|Any CPU
		Release|ARM = Release|ARM
		Release|Mixed Platforms = Release|Mixed Platforms
		Release|x64 = Release|x64
		Release|x86 = Release|x86
	EndGlobalSection
	GlobalSection(ProjectConfigurationPlatforms) = postSolution
		{02AC08B2-4E9A-4C2D-A6ED-9C07C2FC609A}.Debug|Any CPU.ActiveCfg = Debug|Any CPU
		{02AC08B2-4E9A-4C2D-A6ED-9C07C2FC609A}.Debug|Any CPU.Build.0 = Debug|Any CPU
		{02AC08B2-4E9A-4C2D-A6ED-9C07C2FC609A}.Debug|ARM.ActiveCfg = Debug|Any CPU
		{02AC08B2-4E9A-4C2D-A6ED-9C07C2FC609A}.Debug|ARM.Build.0 = Debug|Any CPU
		{02AC08B2-4E9A-4C2D-A6ED-9C07C2FC609A}.Debug|Mixed Platforms.ActiveCfg = Debug|Any CPU
		{02AC08B2-4E9A-4C2D-A6ED-9C07C2FC609A}.Debug|Mixed Platforms.Build.0 = Debug|Any CPU
		{02AC08B2-4E9A-4C2D-A6ED-9C07C2FC609A}.Debug|x64.ActiveCfg = Debug|Any CPU
		{02AC08B2-4E9A-4C2D-A6ED-9C07C2FC609A}.Debug|x64.Build.0 = Debug|Any CPU
		{02AC08B2-4E9A-4C2D-A6ED-9C07C2FC609A}.Debug|x86.ActiveCfg = Debug|Any CPU
		{02AC08B2-4E9A-4C2D-A6ED-9C07C2FC609A}.Debug|x86.Build.0 = Debug|Any CPU
		{02AC08B2-4E9A-4C2D-A6ED-9C07C2FC609A}.Release|Any CPU.ActiveCfg = Release|Any CPU
		{02AC08B2-4E9A-4C2D-A6ED-9C07C2FC609A}.Release|Any CPU.Build.0 = Release|Any CPU
		{02AC08B2-4E9A-4C2D-A6ED-9C07C2FC609A}.Release|ARM.ActiveCfg = Release|Any CPU
		{02AC08B2-4E9A-4C2D-A6ED-9C07C2FC609A}.Release|ARM.Build.0 = Release|Any CPU
		{02AC08B2-4E9A-4C2D-A6ED-9C07C2FC609A}.Release|Mixed Platforms.ActiveCfg = Release|Any CPU
		{02AC08B2-4E9A-4C2D-A6ED-9C07C2FC609A}.Release|Mixed Platforms.Build.0 = Release|Any CPU
		{02AC08B2-4E9A-4C2D-A6ED-9C07C2FC609A}.Release|x64.ActiveCfg = Release|Any CPU
		{02AC08B2-4E9A-4C2D-A6ED-9C07C2FC609A}.Release|x64.Build.0 = Release|Any CPU
		{02AC08B2-4E9A-4C2D-A6ED-9C07C2FC609A}.Release|x86.ActiveCfg = Release|Any CPU
		{02AC08B2-4E9A-4C2D-A6ED-9C07C2FC609A}.Release|x86.Build.0 = Release|Any CPU
		{B7429D12-B30B-4ADA-A23C-6376AFB54B80}.Debug|Any CPU.ActiveCfg = Debug|Any CPU
		{B7429D12-B30B-4ADA-A23C-6376AFB54B80}.Debug|Any CPU.Build.0 = Debug|Any CPU
		{B7429D12-B30B-4ADA-A23C-6376AFB54B80}.Debug|ARM.ActiveCfg = Debug|Any CPU
		{B7429D12-B30B-4ADA-A23C-6376AFB54B80}.Debug|ARM.Build.0 = Debug|Any CPU
		{B7429D12-B30B-4ADA-A23C-6376AFB54B80}.Debug|Mixed Platforms.ActiveCfg = Debug|Any CPU
		{B7429D12-B30B-4ADA-A23C-6376AFB54B80}.Debug|Mixed Platforms.Build.0 = Debug|Any CPU
		{B7429D12-B30B-4ADA-A23C-6376AFB54B80}.Debug|x64.ActiveCfg = Debug|x64
		{B7429D12-B30B-4ADA-A23C-6376AFB54B80}.Debug|x64.Build.0 = Debug|x64
		{B7429D12-B30B-4ADA-A23C-6376AFB54B80}.Debug|x86.ActiveCfg = Debug|Any CPU
		{B7429D12-B30B-4ADA-A23C-6376AFB54B80}.Debug|x86.Build.0 = Debug|Any CPU
		{B7429D12-B30B-4ADA-A23C-6376AFB54B80}.Release|Any CPU.ActiveCfg = Release|Any CPU
		{B7429D12-B30B-4ADA-A23C-6376AFB54B80}.Release|Any CPU.Build.0 = Release|Any CPU
		{B7429D12-B30B-4ADA-A23C-6376AFB54B80}.Release|ARM.ActiveCfg = Release|Any CPU
		{B7429D12-B30B-4ADA-A23C-6376AFB54B80}.Release|ARM.Build.0 = Release|Any CPU
		{B7429D12-B30B-4ADA-A23C-6376AFB54B80}.Release|Mixed Platforms.ActiveCfg = Release|Any CPU
		{B7429D12-B30B-4ADA-A23C-6376AFB54B80}.Release|Mixed Platforms.Build.0 = Release|Any CPU
		{B7429D12-B30B-4ADA-A23C-6376AFB54B80}.Release|x64.ActiveCfg = Release|x64
		{B7429D12-B30B-4ADA-A23C-6376AFB54B80}.Release|x64.Build.0 = Release|x64
		{B7429D12-B30B-4ADA-A23C-6376AFB54B80}.Release|x86.ActiveCfg = Release|Any CPU
		{B7429D12-B30B-4ADA-A23C-6376AFB54B80}.Release|x86.Build.0 = Release|Any CPU
		{062840A5-C959-4C58-B479-64A46176F03E}.Debug|Any CPU.ActiveCfg = Debug|Any CPU
		{062840A5-C959-4C58-B479-64A46176F03E}.Debug|Any CPU.Build.0 = Debug|Any CPU
		{062840A5-C959-4C58-B479-64A46176F03E}.Debug|ARM.ActiveCfg = Debug|Any CPU
		{062840A5-C959-4C58-B479-64A46176F03E}.Debug|ARM.Build.0 = Debug|Any CPU
		{062840A5-C959-4C58-B479-64A46176F03E}.Debug|Mixed Platforms.ActiveCfg = Debug|Any CPU
		{062840A5-C959-4C58-B479-64A46176F03E}.Debug|Mixed Platforms.Build.0 = Debug|Any CPU
		{062840A5-C959-4C58-B479-64A46176F03E}.Debug|x64.ActiveCfg = Debug|Any CPU
		{062840A5-C959-4C58-B479-64A46176F03E}.Debug|x64.Build.0 = Debug|Any CPU
		{062840A5-C959-4C58-B479-64A46176F03E}.Debug|x86.ActiveCfg = Debug|Any CPU
		{062840A5-C959-4C58-B479-64A46176F03E}.Debug|x86.Build.0 = Debug|Any CPU
		{062840A5-C959-4C58-B479-64A46176F03E}.Release|Any CPU.ActiveCfg = Release|Any CPU
		{062840A5-C959-4C58-B479-64A46176F03E}.Release|Any CPU.Build.0 = Release|Any CPU
		{062840A5-C959-4C58-B479-64A46176F03E}.Release|ARM.ActiveCfg = Release|Any CPU
		{062840A5-C959-4C58-B479-64A46176F03E}.Release|ARM.Build.0 = Release|Any CPU
		{062840A5-C959-4C58-B479-64A46176F03E}.Release|Mixed Platforms.ActiveCfg = Release|Any CPU
		{062840A5-C959-4C58-B479-64A46176F03E}.Release|Mixed Platforms.Build.0 = Release|Any CPU
		{062840A5-C959-4C58-B479-64A46176F03E}.Release|x64.ActiveCfg = Release|Any CPU
		{062840A5-C959-4C58-B479-64A46176F03E}.Release|x64.Build.0 = Release|Any CPU
		{062840A5-C959-4C58-B479-64A46176F03E}.Release|x86.ActiveCfg = Release|Any CPU
		{062840A5-C959-4C58-B479-64A46176F03E}.Release|x86.Build.0 = Release|Any CPU
		{F52AA97E-180A-40ED-8F2B-09080171D6C7}.Debug|Any CPU.ActiveCfg = Debug|Any CPU
		{F52AA97E-180A-40ED-8F2B-09080171D6C7}.Debug|Any CPU.Build.0 = Debug|Any CPU
		{F52AA97E-180A-40ED-8F2B-09080171D6C7}.Debug|ARM.ActiveCfg = Debug|Any CPU
		{F52AA97E-180A-40ED-8F2B-09080171D6C7}.Debug|ARM.Build.0 = Debug|Any CPU
		{F52AA97E-180A-40ED-8F2B-09080171D6C7}.Debug|Mixed Platforms.ActiveCfg = Debug|x86
		{F52AA97E-180A-40ED-8F2B-09080171D6C7}.Debug|Mixed Platforms.Build.0 = Debug|x86
		{F52AA97E-180A-40ED-8F2B-09080171D6C7}.Debug|x64.ActiveCfg = Debug|x64
		{F52AA97E-180A-40ED-8F2B-09080171D6C7}.Debug|x64.Build.0 = Debug|x64
		{F52AA97E-180A-40ED-8F2B-09080171D6C7}.Debug|x86.ActiveCfg = Debug|x86
		{F52AA97E-180A-40ED-8F2B-09080171D6C7}.Debug|x86.Build.0 = Debug|x86
		{F52AA97E-180A-40ED-8F2B-09080171D6C7}.Release|Any CPU.ActiveCfg = Release|Any CPU
		{F52AA97E-180A-40ED-8F2B-09080171D6C7}.Release|Any CPU.Build.0 = Release|Any CPU
		{F52AA97E-180A-40ED-8F2B-09080171D6C7}.Release|ARM.ActiveCfg = Release|Any CPU
		{F52AA97E-180A-40ED-8F2B-09080171D6C7}.Release|ARM.Build.0 = Release|Any CPU
		{F52AA97E-180A-40ED-8F2B-09080171D6C7}.Release|Mixed Platforms.ActiveCfg = Release|x86
		{F52AA97E-180A-40ED-8F2B-09080171D6C7}.Release|Mixed Platforms.Build.0 = Release|x86
		{F52AA97E-180A-40ED-8F2B-09080171D6C7}.Release|x64.ActiveCfg = Release|x64
		{F52AA97E-180A-40ED-8F2B-09080171D6C7}.Release|x64.Build.0 = Release|x64
		{F52AA97E-180A-40ED-8F2B-09080171D6C7}.Release|x86.ActiveCfg = Release|x86
		{F52AA97E-180A-40ED-8F2B-09080171D6C7}.Release|x86.Build.0 = Release|x86
		{DC097603-FB3B-4255-9C7F-BEE2959D3A47}.Debug|Any CPU.ActiveCfg = Debug|Any CPU
		{DC097603-FB3B-4255-9C7F-BEE2959D3A47}.Debug|Any CPU.Build.0 = Debug|Any CPU
		{DC097603-FB3B-4255-9C7F-BEE2959D3A47}.Debug|ARM.ActiveCfg = Debug|Any CPU
		{DC097603-FB3B-4255-9C7F-BEE2959D3A47}.Debug|Mixed Platforms.ActiveCfg = Debug|Any CPU
		{DC097603-FB3B-4255-9C7F-BEE2959D3A47}.Debug|Mixed Platforms.Build.0 = Debug|Any CPU
		{DC097603-FB3B-4255-9C7F-BEE2959D3A47}.Debug|x64.ActiveCfg = Debug|Any CPU
		{DC097603-FB3B-4255-9C7F-BEE2959D3A47}.Debug|x86.ActiveCfg = Debug|Any CPU
		{DC097603-FB3B-4255-9C7F-BEE2959D3A47}.Release|Any CPU.ActiveCfg = Release|Any CPU
		{DC097603-FB3B-4255-9C7F-BEE2959D3A47}.Release|Any CPU.Build.0 = Release|Any CPU
		{DC097603-FB3B-4255-9C7F-BEE2959D3A47}.Release|ARM.ActiveCfg = Release|Any CPU
		{DC097603-FB3B-4255-9C7F-BEE2959D3A47}.Release|Mixed Platforms.ActiveCfg = Release|Any CPU
		{DC097603-FB3B-4255-9C7F-BEE2959D3A47}.Release|Mixed Platforms.Build.0 = Release|Any CPU
		{DC097603-FB3B-4255-9C7F-BEE2959D3A47}.Release|x64.ActiveCfg = Release|Any CPU
		{DC097603-FB3B-4255-9C7F-BEE2959D3A47}.Release|x86.ActiveCfg = Release|Any CPU
		{F53A617A-EC6B-4BDC-A851-7C2A511EA081}.Debug|Any CPU.ActiveCfg = Debug|Any CPU
		{F53A617A-EC6B-4BDC-A851-7C2A511EA081}.Debug|Any CPU.Build.0 = Debug|Any CPU
		{F53A617A-EC6B-4BDC-A851-7C2A511EA081}.Debug|ARM.ActiveCfg = Debug|Any CPU
		{F53A617A-EC6B-4BDC-A851-7C2A511EA081}.Debug|Mixed Platforms.ActiveCfg = Debug|Any CPU
		{F53A617A-EC6B-4BDC-A851-7C2A511EA081}.Debug|Mixed Platforms.Build.0 = Debug|Any CPU
		{F53A617A-EC6B-4BDC-A851-7C2A511EA081}.Debug|x64.ActiveCfg = Debug|Any CPU
		{F53A617A-EC6B-4BDC-A851-7C2A511EA081}.Debug|x86.ActiveCfg = Debug|Any CPU
		{F53A617A-EC6B-4BDC-A851-7C2A511EA081}.Release|Any CPU.ActiveCfg = Release|Any CPU
		{F53A617A-EC6B-4BDC-A851-7C2A511EA081}.Release|Any CPU.Build.0 = Release|Any CPU
		{F53A617A-EC6B-4BDC-A851-7C2A511EA081}.Release|ARM.ActiveCfg = Release|Any CPU
		{F53A617A-EC6B-4BDC-A851-7C2A511EA081}.Release|Mixed Platforms.ActiveCfg = Release|Any CPU
		{F53A617A-EC6B-4BDC-A851-7C2A511EA081}.Release|Mixed Platforms.Build.0 = Release|Any CPU
		{F53A617A-EC6B-4BDC-A851-7C2A511EA081}.Release|x64.ActiveCfg = Release|Any CPU
		{F53A617A-EC6B-4BDC-A851-7C2A511EA081}.Release|x86.ActiveCfg = Release|Any CPU
		{95937663-1D94-41BA-B478-6E9D42B7B95C}.Debug|Any CPU.ActiveCfg = Debug|Any CPU
		{95937663-1D94-41BA-B478-6E9D42B7B95C}.Debug|Any CPU.Build.0 = Debug|Any CPU
		{95937663-1D94-41BA-B478-6E9D42B7B95C}.Debug|ARM.ActiveCfg = Debug|Any CPU
		{95937663-1D94-41BA-B478-6E9D42B7B95C}.Debug|Mixed Platforms.ActiveCfg = Debug|Any CPU
		{95937663-1D94-41BA-B478-6E9D42B7B95C}.Debug|Mixed Platforms.Build.0 = Debug|Any CPU
		{95937663-1D94-41BA-B478-6E9D42B7B95C}.Debug|x64.ActiveCfg = Debug|Any CPU
		{95937663-1D94-41BA-B478-6E9D42B7B95C}.Debug|x86.ActiveCfg = Debug|Any CPU
		{95937663-1D94-41BA-B478-6E9D42B7B95C}.Release|Any CPU.ActiveCfg = Release|Any CPU
		{95937663-1D94-41BA-B478-6E9D42B7B95C}.Release|Any CPU.Build.0 = Release|Any CPU
		{95937663-1D94-41BA-B478-6E9D42B7B95C}.Release|ARM.ActiveCfg = Release|Any CPU
		{95937663-1D94-41BA-B478-6E9D42B7B95C}.Release|Mixed Platforms.ActiveCfg = Release|Any CPU
		{95937663-1D94-41BA-B478-6E9D42B7B95C}.Release|Mixed Platforms.Build.0 = Release|Any CPU
		{95937663-1D94-41BA-B478-6E9D42B7B95C}.Release|x64.ActiveCfg = Release|Any CPU
		{95937663-1D94-41BA-B478-6E9D42B7B95C}.Release|x86.ActiveCfg = Release|Any CPU
		{3549CD6F-80F8-450F-B99E-CF0A736B1F2A}.Debug|Any CPU.ActiveCfg = Debug|Any CPU
		{3549CD6F-80F8-450F-B99E-CF0A736B1F2A}.Debug|Any CPU.Build.0 = Debug|Any CPU
		{3549CD6F-80F8-450F-B99E-CF0A736B1F2A}.Debug|ARM.ActiveCfg = Debug|Any CPU
		{3549CD6F-80F8-450F-B99E-CF0A736B1F2A}.Debug|Mixed Platforms.ActiveCfg = Debug|Any CPU
		{3549CD6F-80F8-450F-B99E-CF0A736B1F2A}.Debug|Mixed Platforms.Build.0 = Debug|Any CPU
		{3549CD6F-80F8-450F-B99E-CF0A736B1F2A}.Debug|x64.ActiveCfg = Debug|Any CPU
		{3549CD6F-80F8-450F-B99E-CF0A736B1F2A}.Debug|x86.ActiveCfg = Debug|Any CPU
		{3549CD6F-80F8-450F-B99E-CF0A736B1F2A}.Release|Any CPU.ActiveCfg = Release|Any CPU
		{3549CD6F-80F8-450F-B99E-CF0A736B1F2A}.Release|Any CPU.Build.0 = Release|Any CPU
		{3549CD6F-80F8-450F-B99E-CF0A736B1F2A}.Release|ARM.ActiveCfg = Release|Any CPU
		{3549CD6F-80F8-450F-B99E-CF0A736B1F2A}.Release|Mixed Platforms.ActiveCfg = Release|Any CPU
		{3549CD6F-80F8-450F-B99E-CF0A736B1F2A}.Release|Mixed Platforms.Build.0 = Release|Any CPU
		{3549CD6F-80F8-450F-B99E-CF0A736B1F2A}.Release|x64.ActiveCfg = Release|Any CPU
		{3549CD6F-80F8-450F-B99E-CF0A736B1F2A}.Release|x86.ActiveCfg = Release|Any CPU
	EndGlobalSection
	GlobalSection(SolutionProperties) = preSolution
		HideSolutionNode = FALSE
	EndGlobalSection
EndGlobal
